// !$*UTF8*$!
{
	archiveVersion = 1;
	classes = {
	};
	objectVersion = 51;
	objects = {

/* Begin PBXBuildFile section */
		D7DB9EC78F0CE964AD12AD97 /* Pods_Flix.framework in Frameworks */ = {isa = PBXBuildFile; fileRef = 492C0E6BD030406EB916F95E /* Pods_Flix.framework */; };
		F4A074B625AD4C3100C168D6 /* AppDelegate.swift in Sources */ = {isa = PBXBuildFile; fileRef = F4A074B525AD4C3100C168D6 /* AppDelegate.swift */; };
		F4A074B825AD4C3100C168D6 /* SceneDelegate.swift in Sources */ = {isa = PBXBuildFile; fileRef = F4A074B725AD4C3100C168D6 /* SceneDelegate.swift */; };
		F4A074BD25AD4C3100C168D6 /* Main.storyboard in Resources */ = {isa = PBXBuildFile; fileRef = F4A074BB25AD4C3100C168D6 /* Main.storyboard */; };
		F4A074BF25AD4C3300C168D6 /* Assets.xcassets in Resources */ = {isa = PBXBuildFile; fileRef = F4A074BE25AD4C3300C168D6 /* Assets.xcassets */; };
		F4A074C225AD4C3300C168D6 /* LaunchScreen.storyboard in Resources */ = {isa = PBXBuildFile; fileRef = F4A074C025AD4C3300C168D6 /* LaunchScreen.storyboard */; };
		F4A074CC25AD4DE200C168D6 /* MoviesViewController.swift in Sources */ = {isa = PBXBuildFile; fileRef = F4A074CB25AD4DE200C168D6 /* MoviesViewController.swift */; };
		F4A074D525AD6C8E00C168D6 /* MovieCell.swift in Sources */ = {isa = PBXBuildFile; fileRef = F4A074D425AD6C8E00C168D6 /* MovieCell.swift */; };
		F4D0DA1725B198740029158E /* MovieDetailsViewController.swift in Sources */ = {isa = PBXBuildFile; fileRef = F4D0DA1625B198740029158E /* MovieDetailsViewController.swift */; };
		F4D0DA1F25B21CC20029158E /* MovieGridViewController.swift in Sources */ = {isa = PBXBuildFile; fileRef = F4D0DA1E25B21CC20029158E /* MovieGridViewController.swift */; };
		F4D0DA2225B225620029158E /* MovieGridCell.swift in Sources */ = {isa = PBXBuildFile; fileRef = F4D0DA2125B225620029158E /* MovieGridCell.swift */; };
/* End PBXBuildFile section */

/* Begin PBXFileReference section */
		492C0E6BD030406EB916F95E /* Pods_Flix.framework */ = {isa = PBXFileReference; explicitFileType = wrapper.framework; includeInIndex = 0; path = Pods_Flix.framework; sourceTree = BUILT_PRODUCTS_DIR; };
		5D3C0599B85FE6DAAF1153EF /* Pods-Flix.debug.xcconfig */ = {isa = PBXFileReference; includeInIndex = 1; lastKnownFileType = text.xcconfig; name = "Pods-Flix.debug.xcconfig"; path = "Target Support Files/Pods-Flix/Pods-Flix.debug.xcconfig"; sourceTree = "<group>"; };
		F4A074B225AD4C3100C168D6 /* Flix.app */ = {isa = PBXFileReference; explicitFileType = wrapper.application; includeInIndex = 0; path = Flix.app; sourceTree = BUILT_PRODUCTS_DIR; };
		F4A074B525AD4C3100C168D6 /* AppDelegate.swift */ = {isa = PBXFileReference; lastKnownFileType = sourcecode.swift; path = AppDelegate.swift; sourceTree = "<group>"; };
		F4A074B725AD4C3100C168D6 /* SceneDelegate.swift */ = {isa = PBXFileReference; lastKnownFileType = sourcecode.swift; path = SceneDelegate.swift; sourceTree = "<group>"; };
		F4A074BC25AD4C3100C168D6 /* Base */ = {isa = PBXFileReference; lastKnownFileType = file.storyboard; name = Base; path = Base.lproj/Main.storyboard; sourceTree = "<group>"; };
		F4A074BE25AD4C3300C168D6 /* Assets.xcassets */ = {isa = PBXFileReference; lastKnownFileType = folder.assetcatalog; path = Assets.xcassets; sourceTree = "<group>"; };
		F4A074C125AD4C3300C168D6 /* Base */ = {isa = PBXFileReference; lastKnownFileType = file.storyboard; name = Base; path = Base.lproj/LaunchScreen.storyboard; sourceTree = "<group>"; };
		F4A074C325AD4C3300C168D6 /* Info.plist */ = {isa = PBXFileReference; lastKnownFileType = text.plist.xml; path = Info.plist; sourceTree = "<group>"; };
		F4A074CB25AD4DE200C168D6 /* MoviesViewController.swift */ = {isa = PBXFileReference; lastKnownFileType = sourcecode.swift; path = MoviesViewController.swift; sourceTree = "<group>"; };
		F4A074D425AD6C8E00C168D6 /* MovieCell.swift */ = {isa = PBXFileReference; lastKnownFileType = sourcecode.swift; path = MovieCell.swift; sourceTree = "<group>"; };
		F4D0DA1625B198740029158E /* MovieDetailsViewController.swift */ = {isa = PBXFileReference; lastKnownFileType = sourcecode.swift; path = MovieDetailsViewController.swift; sourceTree = "<group>"; };
		F4D0DA1E25B21CC20029158E /* MovieGridViewController.swift */ = {isa = PBXFileReference; lastKnownFileType = sourcecode.swift; path = MovieGridViewController.swift; sourceTree = "<group>"; };
		F4D0DA2125B225620029158E /* MovieGridCell.swift */ = {isa = PBXFileReference; lastKnownFileType = sourcecode.swift; path = MovieGridCell.swift; sourceTree = "<group>"; };
		FB08F4215F624CB690A692A1 /* Pods-Flix.release.xcconfig */ = {isa = PBXFileReference; includeInIndex = 1; lastKnownFileType = text.xcconfig; name = "Pods-Flix.release.xcconfig"; path = "Target Support Files/Pods-Flix/Pods-Flix.release.xcconfig"; sourceTree = "<group>"; };
/* End PBXFileReference section */

/* Begin PBXFrameworksBuildPhase section */
		F4A074AF25AD4C3100C168D6 /* Frameworks */ = {
			isa = PBXFrameworksBuildPhase;
			buildActionMask = 2147483647;
			files = (
				D7DB9EC78F0CE964AD12AD97 /* Pods_Flix.framework in Frameworks */,
			);
			runOnlyForDeploymentPostprocessing = 0;
		};
/* End PBXFrameworksBuildPhase section */

/* Begin PBXGroup section */
		E4AF00154A29DEDF2D151024 /* Frameworks */ = {
			isa = PBXGroup;
			children = (
				492C0E6BD030406EB916F95E /* Pods_Flix.framework */,
			);
			name = Frameworks;
			sourceTree = "<group>";
		};
		F466ABB425B0363000AC6F27 /* Storyboards */ = {
			isa = PBXGroup;
			children = (
				F4A074BB25AD4C3100C168D6 /* Main.storyboard */,
				F4A074C025AD4C3300C168D6 /* LaunchScreen.storyboard */,
			);
			path = Storyboards;
			sourceTree = "<group>";
		};
		F466ABB625B0367A00AC6F27 /* Extras */ = {
			isa = PBXGroup;
			children = (
			);
			path = Extras;
			sourceTree = "<group>";
		};
		F466ABB725B0369F00AC6F27 /* View Controllers */ = {
			isa = PBXGroup;
			children = (
				F4A074CB25AD4DE200C168D6 /* MoviesViewController.swift */,
				F4D0DA1625B198740029158E /* MovieDetailsViewController.swift */,
				F4D0DA1E25B21CC20029158E /* MovieGridViewController.swift */,
			);
			path = "View Controllers";
			sourceTree = "<group>";
		};
		F466ABB825B036B200AC6F27 /* Cells */ = {
			isa = PBXGroup;
			children = (
				F4A074D425AD6C8E00C168D6 /* MovieCell.swift */,
				F4D0DA2125B225620029158E /* MovieGridCell.swift */,
			);
			path = Cells;
			sourceTree = "<group>";
		};
		F466ABB925B036BB00AC6F27 /* Model */ = {
			isa = PBXGroup;
			children = (
			);
			path = Model;
			sourceTree = "<group>";
		};
		F4A074A925AD4C3100C168D6 = {
			isa = PBXGroup;
			children = (
				F4A074B425AD4C3100C168D6 /* Flix */,
				F4A074B325AD4C3100C168D6 /* Products */,
				FB97263C5B234323EB5FC6A2 /* Pods */,
				E4AF00154A29DEDF2D151024 /* Frameworks */,
			);
			sourceTree = "<group>";
		};
		F4A074B325AD4C3100C168D6 /* Products */ = {
			isa = PBXGroup;
			children = (
				F4A074B225AD4C3100C168D6 /* Flix.app */,
			);
			name = Products;
			sourceTree = "<group>";
		};
		F4A074B425AD4C3100C168D6 /* Flix */ = {
			isa = PBXGroup;
			children = (
				F4A074B525AD4C3100C168D6 /* AppDelegate.swift */,
				F4A074B725AD4C3100C168D6 /* SceneDelegate.swift */,
				F466ABB825B036B200AC6F27 /* Cells */,
				F466ABB725B0369F00AC6F27 /* View Controllers */,
				F466ABB425B0363000AC6F27 /* Storyboards */,
				F466ABB925B036BB00AC6F27 /* Model */,
				F466ABB625B0367A00AC6F27 /* Extras */,
				F4A074BE25AD4C3300C168D6 /* Assets.xcassets */,
				F4A074C325AD4C3300C168D6 /* Info.plist */,
			);
			path = Flix;
			sourceTree = "<group>";
		};
		FB97263C5B234323EB5FC6A2 /* Pods */ = {
			isa = PBXGroup;
			children = (
				5D3C0599B85FE6DAAF1153EF /* Pods-Flix.debug.xcconfig */,
				FB08F4215F624CB690A692A1 /* Pods-Flix.release.xcconfig */,
			);
			path = Pods;
			sourceTree = "<group>";
		};
/* End PBXGroup section */

/* Begin PBXNativeTarget section */
		F4A074B125AD4C3100C168D6 /* Flix */ = {
			isa = PBXNativeTarget;
			buildConfigurationList = F4A074C625AD4C3300C168D6 /* Build configuration list for PBXNativeTarget "Flix" */;
			buildPhases = (
				2C2984428A68A0D756AF6456 /* [CP] Check Pods Manifest.lock */,
				F4A074AE25AD4C3100C168D6 /* Sources */,
				F4A074AF25AD4C3100C168D6 /* Frameworks */,
				F4A074B025AD4C3100C168D6 /* Resources */,
				AC0B4071FB594CC4385337DC /* [CP] Embed Pods Frameworks */,
				F46AEB4A25AD7D2000E4946B /* ShellScript */,
			);
			buildRules = (
			);
			dependencies = (
			);
			name = Flix;
			productName = Flix;
			productReference = F4A074B225AD4C3100C168D6 /* Flix.app */;
			productType = "com.apple.product-type.application";
		};
/* End PBXNativeTarget section */

/* Begin PBXProject section */
		F4A074AA25AD4C3100C168D6 /* Project object */ = {
			isa = PBXProject;
			attributes = {
				LastSwiftUpdateCheck = 1230;
				LastUpgradeCheck = 1230;
				TargetAttributes = {
					F4A074B125AD4C3100C168D6 = {
						CreatedOnToolsVersion = 12.3;
					};
				};
			};
			buildConfigurationList = F4A074AD25AD4C3100C168D6 /* Build configuration list for PBXProject "Flix" */;
			compatibilityVersion = "Xcode 9.3";
			developmentRegion = en;
			hasScannedForEncodings = 0;
			knownRegions = (
				en,
				Base,
			);
			mainGroup = F4A074A925AD4C3100C168D6;
			productRefGroup = F4A074B325AD4C3100C168D6 /* Products */;
			projectDirPath = "";
			projectRoot = "";
			targets = (
				F4A074B125AD4C3100C168D6 /* Flix */,
			);
		};
/* End PBXProject section */

/* Begin PBXResourcesBuildPhase section */
		F4A074B025AD4C3100C168D6 /* Resources */ = {
			isa = PBXResourcesBuildPhase;
			buildActionMask = 2147483647;
			files = (
				F4A074C225AD4C3300C168D6 /* LaunchScreen.storyboard in Resources */,
				F4A074BF25AD4C3300C168D6 /* Assets.xcassets in Resources */,
				F4A074BD25AD4C3100C168D6 /* Main.storyboard in Resources */,
			);
			runOnlyForDeploymentPostprocessing = 0;
		};
/* End PBXResourcesBuildPhase section */

/* Begin PBXShellScriptBuildPhase section */
		2C2984428A68A0D756AF6456 /* [CP] Check Pods Manifest.lock */ = {
			isa = PBXShellScriptBuildPhase;
			buildActionMask = 2147483647;
			files = (
			);
			inputFileListPaths = (
			);
			inputPaths = (
				"${PODS_PODFILE_DIR_PATH}/Podfile.lock",
				"${PODS_ROOT}/Manifest.lock",
			);
			name = "[CP] Check Pods Manifest.lock";
			outputFileListPaths = (
			);
			outputPaths = (
				"$(DERIVED_FILE_DIR)/Pods-Flix-checkManifestLockResult.txt",
			);
			runOnlyForDeploymentPostprocessing = 0;
			shellPath = /bin/sh;
			shellScript = "diff \"${PODS_PODFILE_DIR_PATH}/Podfile.lock\" \"${PODS_ROOT}/Manifest.lock\" > /dev/null\nif [ $? != 0 ] ; then\n    # print error to STDERR\n    echo \"error: The sandbox is not in sync with the Podfile.lock. Run 'pod install' or update your CocoaPods installation.\" >&2\n    exit 1\nfi\n# This output is used by Xcode 'outputs' to avoid re-running this script phase.\necho \"SUCCESS\" > \"${SCRIPT_OUTPUT_FILE_0}\"\n";
			showEnvVarsInLog = 0;
		};
		AC0B4071FB594CC4385337DC /* [CP] Embed Pods Frameworks */ = {
			isa = PBXShellScriptBuildPhase;
			buildActionMask = 2147483647;
			files = (
			);
			inputFileListPaths = (
				"${PODS_ROOT}/Target Support Files/Pods-Flix/Pods-Flix-frameworks-${CONFIGURATION}-input-files.xcfilelist",
			);
			name = "[CP] Embed Pods Frameworks";
			outputFileListPaths = (
				"${PODS_ROOT}/Target Support Files/Pods-Flix/Pods-Flix-frameworks-${CONFIGURATION}-output-files.xcfilelist",
			);
			runOnlyForDeploymentPostprocessing = 0;
			shellPath = /bin/sh;
			shellScript = "\"${PODS_ROOT}/Target Support Files/Pods-Flix/Pods-Flix-frameworks.sh\"\n";
			showEnvVarsInLog = 0;
		};
		F46AEB4A25AD7D2000E4946B /* ShellScript */ = {
			isa = PBXShellScriptBuildPhase;
			buildActionMask = 2147483647;
			files = (
			);
			inputFileListPaths = (
			);
			inputPaths = (
			);
			outputFileListPaths = (
			);
			outputPaths = (
			);
			runOnlyForDeploymentPostprocessing = 0;
			shellPath = /bin/sh;
			shellScript = "# Type a script or drag a script file from your workspace to insert its path.\nbuildNumber=$(/usr/libexec/PlistBuddy -c \"Print CFBundleVersion\" \"${PROJECT_DIR}/${INFOPLIST_FILE}\")\nbuildNumber=$(($buildNumber + 1))\n/usr/libexec/PlistBuddy -c \"Set :CFBundleVersion $buildNumber\" \"${PROJECT_DIR}/${INFOPLIST_FILE}\"\n";
		};
/* End PBXShellScriptBuildPhase section */

/* Begin PBXSourcesBuildPhase section */
		F4A074AE25AD4C3100C168D6 /* Sources */ = {
			isa = PBXSourcesBuildPhase;
			buildActionMask = 2147483647;
			files = (
				F4D0DA1725B198740029158E /* MovieDetailsViewController.swift in Sources */,
				F4A074B625AD4C3100C168D6 /* AppDelegate.swift in Sources */,
				F4A074B825AD4C3100C168D6 /* SceneDelegate.swift in Sources */,
				F4A074D525AD6C8E00C168D6 /* MovieCell.swift in Sources */,
				F4A074CC25AD4DE200C168D6 /* MoviesViewController.swift in Sources */,
				F4D0DA1F25B21CC20029158E /* MovieGridViewController.swift in Sources */,
				F4D0DA2225B225620029158E /* MovieGridCell.swift in Sources */,
			);
			runOnlyForDeploymentPostprocessing = 0;
		};
/* End PBXSourcesBuildPhase section */

/* Begin PBXVariantGroup section */
		F4A074BB25AD4C3100C168D6 /* Main.storyboard */ = {
			isa = PBXVariantGroup;
			children = (
				F4A074BC25AD4C3100C168D6 /* Base */,
			);
			name = Main.storyboard;
			sourceTree = "<group>";
		};
		F4A074C025AD4C3300C168D6 /* LaunchScreen.storyboard */ = {
			isa = PBXVariantGroup;
			children = (
				F4A074C125AD4C3300C168D6 /* Base */,
			);
			name = LaunchScreen.storyboard;
			sourceTree = "<group>";
		};
/* End PBXVariantGroup section */

/* Begin XCBuildConfiguration section */
		F4A074C425AD4C3300C168D6 /* Debug */ = {
			isa = XCBuildConfiguration;
			buildSettings = {
				ALWAYS_SEARCH_USER_PATHS = NO;
				CLANG_ANALYZER_NONNULL = YES;
				CLANG_ANALYZER_NUMBER_OBJECT_CONVERSION = YES_AGGRESSIVE;
				CLANG_CXX_LANGUAGE_STANDARD = "gnu++14";
				CLANG_CXX_LIBRARY = "libc++";
				CLANG_ENABLE_MODULES = YES;
				CLANG_ENABLE_OBJC_ARC = YES;
				CLANG_ENABLE_OBJC_WEAK = YES;
				CLANG_WARN_BLOCK_CAPTURE_AUTORELEASING = YES;
				CLANG_WARN_BOOL_CONVERSION = YES;
				CLANG_WARN_COMMA = YES;
				CLANG_WARN_CONSTANT_CONVERSION = YES;
				CLANG_WARN_DEPRECATED_OBJC_IMPLEMENTATIONS = YES;
				CLANG_WARN_DIRECT_OBJC_ISA_USAGE = YES_ERROR;
				CLANG_WARN_DOCUMENTATION_COMMENTS = YES;
				CLANG_WARN_EMPTY_BODY = YES;
				CLANG_WARN_ENUM_CONVERSION = YES;
				CLANG_WARN_INFINITE_RECURSION = YES;
				CLANG_WARN_INT_CONVERSION = YES;
				CLANG_WARN_NON_LITERAL_NULL_CONVERSION = YES;
				CLANG_WARN_OBJC_IMPLICIT_RETAIN_SELF = YES;
				CLANG_WARN_OBJC_LITERAL_CONVERSION = YES;
				CLANG_WARN_OBJC_ROOT_CLASS = YES_ERROR;
				CLANG_WARN_QUOTED_INCLUDE_IN_FRAMEWORK_HEADER = YES;
				CLANG_WARN_RANGE_LOOP_ANALYSIS = YES;
				CLANG_WARN_STRICT_PROTOTYPES = YES;
				CLANG_WARN_SUSPICIOUS_MOVE = YES;
				CLANG_WARN_UNGUARDED_AVAILABILITY = YES_AGGRESSIVE;
				CLANG_WARN_UNREACHABLE_CODE = YES;
				CLANG_WARN__DUPLICATE_METHOD_MATCH = YES;
				COPY_PHASE_STRIP = NO;
				DEBUG_INFORMATION_FORMAT = dwarf;
				ENABLE_STRICT_OBJC_MSGSEND = YES;
				ENABLE_TESTABILITY = YES;
				GCC_C_LANGUAGE_STANDARD = gnu11;
				GCC_DYNAMIC_NO_PIC = NO;
				GCC_NO_COMMON_BLOCKS = YES;
				GCC_OPTIMIZATION_LEVEL = 0;
				GCC_PREPROCESSOR_DEFINITIONS = (
					"DEBUG=1",
					"$(inherited)",
				);
				GCC_WARN_64_TO_32_BIT_CONVERSION = YES;
				GCC_WARN_ABOUT_RETURN_TYPE = YES_ERROR;
				GCC_WARN_UNDECLARED_SELECTOR = YES;
				GCC_WARN_UNINITIALIZED_AUTOS = YES_AGGRESSIVE;
				GCC_WARN_UNUSED_FUNCTION = YES;
				GCC_WARN_UNUSED_VARIABLE = YES;
				IPHONEOS_DEPLOYMENT_TARGET = 14.3;
				MTL_ENABLE_DEBUG_INFO = INCLUDE_SOURCE;
				MTL_FAST_MATH = YES;
				ONLY_ACTIVE_ARCH = YES;
				SDKROOT = iphoneos;
				SWIFT_ACTIVE_COMPILATION_CONDITIONS = DEBUG;
				SWIFT_OPTIMIZATION_LEVEL = "-Onone";
			};
			name = Debug;
		};
		F4A074C525AD4C3300C168D6 /* Release */ = {
			isa = XCBuildConfiguration;
			buildSettings = {
				ALWAYS_SEARCH_USER_PATHS = NO;
				CLANG_ANALYZER_NONNULL = YES;
				CLANG_ANALYZER_NUMBER_OBJECT_CONVERSION = YES_AGGRESSIVE;
				CLANG_CXX_LANGUAGE_STANDARD = "gnu++14";
				CLANG_CXX_LIBRARY = "libc++";
				CLANG_ENABLE_MODULES = YES;
				CLANG_ENABLE_OBJC_ARC = YES;
				CLANG_ENABLE_OBJC_WEAK = YES;
				CLANG_WARN_BLOCK_CAPTURE_AUTORELEASING = YES;
				CLANG_WARN_BOOL_CONVERSION = YES;
				CLANG_WARN_COMMA = YES;
				CLANG_WARN_CONSTANT_CONVERSION = YES;
				CLANG_WARN_DEPRECATED_OBJC_IMPLEMENTATIONS = YES;
				CLANG_WARN_DIRECT_OBJC_ISA_USAGE = YES_ERROR;
				CLANG_WARN_DOCUMENTATION_COMMENTS = YES;
				CLANG_WARN_EMPTY_BODY = YES;
				CLANG_WARN_ENUM_CONVERSION = YES;
				CLANG_WARN_INFINITE_RECURSION = YES;
				CLANG_WARN_INT_CONVERSION = YES;
				CLANG_WARN_NON_LITERAL_NULL_CONVERSION = YES;
				CLANG_WARN_OBJC_IMPLICIT_RETAIN_SELF = YES;
				CLANG_WARN_OBJC_LITERAL_CONVERSION = YES;
				CLANG_WARN_OBJC_ROOT_CLASS = YES_ERROR;
				CLANG_WARN_QUOTED_INCLUDE_IN_FRAMEWORK_HEADER = YES;
				CLANG_WARN_RANGE_LOOP_ANALYSIS = YES;
				CLANG_WARN_STRICT_PROTOTYPES = YES;
				CLANG_WARN_SUSPICIOUS_MOVE = YES;
				CLANG_WARN_UNGUARDED_AVAILABILITY = YES_AGGRESSIVE;
				CLANG_WARN_UNREACHABLE_CODE = YES;
				CLANG_WARN__DUPLICATE_METHOD_MATCH = YES;
				COPY_PHASE_STRIP = NO;
				DEBUG_INFORMATION_FORMAT = "dwarf-with-dsym";
				ENABLE_NS_ASSERTIONS = NO;
				ENABLE_STRICT_OBJC_MSGSEND = YES;
				GCC_C_LANGUAGE_STANDARD = gnu11;
				GCC_NO_COMMON_BLOCKS = YES;
				GCC_WARN_64_TO_32_BIT_CONVERSION = YES;
				GCC_WARN_ABOUT_RETURN_TYPE = YES_ERROR;
				GCC_WARN_UNDECLARED_SELECTOR = YES;
				GCC_WARN_UNINITIALIZED_AUTOS = YES_AGGRESSIVE;
				GCC_WARN_UNUSED_FUNCTION = YES;
				GCC_WARN_UNUSED_VARIABLE = YES;
				IPHONEOS_DEPLOYMENT_TARGET = 14.3;
				MTL_ENABLE_DEBUG_INFO = NO;
				MTL_FAST_MATH = YES;
				SDKROOT = iphoneos;
				SWIFT_COMPILATION_MODE = wholemodule;
				SWIFT_OPTIMIZATION_LEVEL = "-O";
				VALIDATE_PRODUCT = YES;
			};
			name = Release;
		};
		F4A074C725AD4C3300C168D6 /* Debug */ = {
			isa = XCBuildConfiguration;
			baseConfigurationReference = 5D3C0599B85FE6DAAF1153EF /* Pods-Flix.debug.xcconfig */;
			buildSettings = {
				ASSETCATALOG_COMPILER_APPICON_NAME = AppIcon;
				ASSETCATALOG_COMPILER_GLOBAL_ACCENT_COLOR_NAME = AccentColor;
				CODE_SIGN_STYLE = Automatic;
				DEVELOPMENT_TEAM = WMFKF24VVS;
				INFOPLIST_FILE = Flix/Info.plist;
				LD_RUNPATH_SEARCH_PATHS = (
					"$(inherited)",
					"@executable_path/Frameworks",
				);
				PRODUCT_BUNDLE_IDENTIFIER = com.shengyuanlu.Flix;
				PRODUCT_NAME = "$(TARGET_NAME)";
				SWIFT_VERSION = 5.0;
				TARGETED_DEVICE_FAMILY = 1;
			};
			name = Debug;
		};
		F4A074C825AD4C3300C168D6 /* Release */ = {
			isa = XCBuildConfiguration;
			baseConfigurationReference = FB08F4215F624CB690A692A1 /* Pods-Flix.release.xcconfig */;
			buildSettings = {
				ASSETCATALOG_COMPILER_APPICON_NAME = AppIcon;
				ASSETCATALOG_COMPILER_GLOBAL_ACCENT_COLOR_NAME = AccentColor;
				CODE_SIGN_STYLE = Automatic;
				DEVELOPMENT_TEAM = WMFKF24VVS;
				INFOPLIST_FILE = Flix/Info.plist;
				LD_RUNPATH_SEARCH_PATHS = (
					"$(inherited)",
					"@executable_path/Frameworks",
				);
				PRODUCT_BUNDLE_IDENTIFIER = com.shengyuanlu.Flix;
				PRODUCT_NAME = "$(TARGET_NAME)";
				SWIFT_VERSION = 5.0;
				TARGETED_DEVICE_FAMILY = 1;
			};
			name = Release;
		};
/* End XCBuildConfiguration section */

/* Begin XCConfigurationList section */
		F4A074AD25AD4C3100C168D6 /* Build configuration list for PBXProject "Flix" */ = {
			isa = XCConfigurationList;
			buildConfigurations = (
				F4A074C425AD4C3300C168D6 /* Debug */,
				F4A074C525AD4C3300C168D6 /* Release */,
			);
			defaultConfigurationIsVisible = 0;
			defaultConfigurationName = Release;
		};
		F4A074C625AD4C3300C168D6 /* Build configuration list for PBXNativeTarget "Flix" */ = {
			isa = XCConfigurationList;
			buildConfigurations = (
				F4A074C725AD4C3300C168D6 /* Debug */,
				F4A074C825AD4C3300C168D6 /* Release */,
			);
			defaultConfigurationIsVisible = 0;
			defaultConfigurationName = Release;
		};
/* End XCConfigurationList section */
	};
	rootObject = F4A074AA25AD4C3100C168D6 /* Project object */;
}
